
Microsoft Visual Studio Solution File, Format Version 12.00
Project("{FAE04EC0-301F-11D3-BF4B-00C04F79EFBC}") = "TextAdventure", "TextAdventure\TextAdventure.csproj", "{ADDC6EC4-CA1E-471A-A477-FD371FC06296}"
EndProject
Global
	GlobalSection(SolutionConfigurationPlatforms) = preSolution
		Debug|Any CPU = Debug|Any CPU
		Release|Any CPU = Release|Any CPU
	EndGlobalSection
	GlobalSection(ProjectConfigurationPlatforms) = postSolution
		{ADDC6EC4-CA1E-471A-A477-FD371FC06296}.Debug|Any CPU.ActiveCfg = Debug|Any CPU
		{ADDC6EC4-CA1E-471A-A477-FD371FC06296}.Debug|Any CPU.Build.0 = Debug|Any CPU
		{ADDC6EC4-CA1E-471A-A477-FD371FC06296}.Release|Any CPU.ActiveCfg = Release|Any CPU
		{ADDC6EC4-CA1E-471A-A477-FD371FC06296}.Release|Any CPU.Build.0 = Release|Any CPU
	EndGlobalSection
EndGlobal
